
Microsoft Visual Studio Solution File, Format Version 12.00
# Visual Studio Version 16
VisualStudioVersion = 16.0.30711.63
MinimumVisualStudioVersion = 10.0.40219.1
Project("{FAE04EC0-301F-11D3-BF4B-00C04F79EFBC}") = "TestRepo0", "TestRepo0.csproj", "{8BE9F18F-103D-4E7A-8153-3903488ABFA3}"
EndProject
Project("{FAE04EC0-301F-11D3-BF4B-00C04F79EFBC}") = "TestWPFrep0", "..\TestWPFrep0\TestWPFrep0.csproj", "{3C98A4E6-8200-4471-9E01-08EAAE90CB49}"
EndProject
Global
	GlobalSection(SolutionConfigurationPlatforms) = preSolution
		Debug|Any CPU = Debug|Any CPU
		Release|Any CPU = Release|Any CPU
	EndGlobalSection
	GlobalSection(ProjectConfigurationPlatforms) = postSolution
		{8BE9F18F-103D-4E7A-8153-3903488ABFA3}.Debug|Any CPU.ActiveCfg = Debug|Any CPU
		{8BE9F18F-103D-4E7A-8153-3903488ABFA3}.Debug|Any CPU.Build.0 = Debug|Any CPU
		{8BE9F18F-103D-4E7A-8153-3903488ABFA3}.Release|Any CPU.ActiveCfg = Release|Any CPU
		{8BE9F18F-103D-4E7A-8153-3903488ABFA3}.Release|Any CPU.Build.0 = Release|Any CPU
		{3C98A4E6-8200-4471-9E01-08EAAE90CB49}.Debug|Any CPU.ActiveCfg = Debug|Any CPU
		{3C98A4E6-8200-4471-9E01-08EAAE90CB49}.Debug|Any CPU.Build.0 = Debug|Any CPU
		{3C98A4E6-8200-4471-9E01-08EAAE90CB49}.Release|Any CPU.ActiveCfg = Release|Any CPU
		{3C98A4E6-8200-4471-9E01-08EAAE90CB49}.Release|Any CPU.Build.0 = Release|Any CPU
	EndGlobalSection
	GlobalSection(SolutionProperties) = preSolution
		HideSolutionNode = FALSE
	EndGlobalSection
	GlobalSection(ExtensibilityGlobals) = postSolution
		SolutionGuid = {D1F0F35C-03A0-4170-AB08-0CB771031600}
	EndGlobalSection
EndGlobal
